
Microsoft Visual Studio Solution File, Format Version 12.00
# Visual Studio Version 17
VisualStudioVersion = 17.8.34309.116
MinimumVisualStudioVersion = 10.0.40219.1
Project("{9A19103F-16F7-4668-BE54-9A1E7A4F7556}") = "H.Necessaire.WebApp.Templates", "H.Necessaire.WebApp.Templates\H.Necessaire.WebApp.Templates.csproj", "{00E30FD6-CDA9-45B7-9AA8-BF8BCD19EC09}"
EndProject
Global
	GlobalSection(SolutionConfigurationPlatforms) = preSolution
		Debug|Any CPU = Debug|Any CPU
		Release|Any CPU = Release|Any CPU
	EndGlobalSection
	GlobalSection(ProjectConfigurationPlatforms) = postSolution
		{00E30FD6-CDA9-45B7-9AA8-BF8BCD19EC09}.Debug|Any CPU.ActiveCfg = Debug|Any CPU
		{00E30FD6-CDA9-45B7-9AA8-BF8BCD19EC09}.Debug|Any CPU.Build.0 = Debug|Any CPU
		{00E30FD6-CDA9-45B7-9AA8-BF8BCD19EC09}.Release|Any CPU.ActiveCfg = Release|Any CPU
		{00E30FD6-CDA9-45B7-9AA8-BF8BCD19EC09}.Release|Any CPU.Build.0 = Release|Any CPU
	EndGlobalSection
	GlobalSection(SolutionProperties) = preSolution
		HideSolutionNode = FALSE
	EndGlobalSection
	GlobalSection(ExtensibilityGlobals) = postSolution
		SolutionGuid = {EC7E3B7D-503F-4FD3-8991-F6ADE173CD33}
	EndGlobalSection
EndGlobal
