
Microsoft Visual Studio Solution File, Format Version 12.00
# Visual Studio Version 17
VisualStudioVersion = 17.8.34309.116
MinimumVisualStudioVersion = 10.0.40219.1
Project("{9A19103F-16F7-4668-BE54-9A1E7A4F7556}") = "H.Necessaire.Templates", "H.Necessaire\H.Necessaire.Templates\H.Necessaire.Templates.csproj", "{EE604384-FBE4-4D2B-953A-62E827D2879D}"
EndProject
Project("{9A19103F-16F7-4668-BE54-9A1E7A4F7556}") = "H.Necessaire.CLI.Templates", "H.Necessaire CLI\H.Necessaire.CLI.Templates\H.Necessaire.CLI.Templates.csproj", "{22462365-EEFF-4863-B67E-E8695770B86E}"
EndProject
Project("{9A19103F-16F7-4668-BE54-9A1E7A4F7556}") = "H.Necessaire.WebApp.Templates", "H.Necessaire WebApp\H.Necessaire.WebApp.Templates\H.Necessaire.WebApp.Templates.csproj", "{71599C51-CAD3-43A4-9FED-BCB8E911C98E}"
EndProject
Global
	GlobalSection(SolutionConfigurationPlatforms) = preSolution
		Debug|Any CPU = Debug|Any CPU
		Release|Any CPU = Release|Any CPU
	EndGlobalSection
	GlobalSection(ProjectConfigurationPlatforms) = postSolution
		{EE604384-FBE4-4D2B-953A-62E827D2879D}.Debug|Any CPU.ActiveCfg = Debug|Any CPU
		{EE604384-FBE4-4D2B-953A-62E827D2879D}.Debug|Any CPU.Build.0 = Debug|Any CPU
		{EE604384-FBE4-4D2B-953A-62E827D2879D}.Release|Any CPU.ActiveCfg = Release|Any CPU
		{EE604384-FBE4-4D2B-953A-62E827D2879D}.Release|Any CPU.Build.0 = Release|Any CPU
		{22462365-EEFF-4863-B67E-E8695770B86E}.Debug|Any CPU.ActiveCfg = Debug|Any CPU
		{22462365-EEFF-4863-B67E-E8695770B86E}.Debug|Any CPU.Build.0 = Debug|Any CPU
		{22462365-EEFF-4863-B67E-E8695770B86E}.Release|Any CPU.ActiveCfg = Release|Any CPU
		{22462365-EEFF-4863-B67E-E8695770B86E}.Release|Any CPU.Build.0 = Release|Any CPU
		{71599C51-CAD3-43A4-9FED-BCB8E911C98E}.Debug|Any CPU.ActiveCfg = Debug|Any CPU
		{71599C51-CAD3-43A4-9FED-BCB8E911C98E}.Debug|Any CPU.Build.0 = Debug|Any CPU
		{71599C51-CAD3-43A4-9FED-BCB8E911C98E}.Release|Any CPU.ActiveCfg = Release|Any CPU
		{71599C51-CAD3-43A4-9FED-BCB8E911C98E}.Release|Any CPU.Build.0 = Release|Any CPU
	EndGlobalSection
	GlobalSection(SolutionProperties) = preSolution
		HideSolutionNode = FALSE
	EndGlobalSection
	GlobalSection(ExtensibilityGlobals) = postSolution
		SolutionGuid = {D12507C4-EDB4-4650-881C-E3A3FB17E9D1}
	EndGlobalSection
EndGlobal
