
Microsoft Visual Studio Solution File, Format Version 12.00
# Visual Studio Version 17
VisualStudioVersion = 17.8.34309.116
MinimumVisualStudioVersion = 10.0.40219.1
Project("{9A19103F-16F7-4668-BE54-9A1E7A4F7556}") = "H.Necessaire.Templates", "H.Necessaire.Templates\H.Necessaire.Templates.csproj", "{457BD33F-3019-4280-8C34-798DC4B66269}"
EndProject
Global
	GlobalSection(SolutionConfigurationPlatforms) = preSolution
		Debug|Any CPU = Debug|Any CPU
		Release|Any CPU = Release|Any CPU
	EndGlobalSection
	GlobalSection(ProjectConfigurationPlatforms) = postSolution
		{457BD33F-3019-4280-8C34-798DC4B66269}.Debug|Any CPU.ActiveCfg = Debug|Any CPU
		{457BD33F-3019-4280-8C34-798DC4B66269}.Debug|Any CPU.Build.0 = Debug|Any CPU
		{457BD33F-3019-4280-8C34-798DC4B66269}.Release|Any CPU.ActiveCfg = Release|Any CPU
		{457BD33F-3019-4280-8C34-798DC4B66269}.Release|Any CPU.Build.0 = Release|Any CPU
	EndGlobalSection
	GlobalSection(SolutionProperties) = preSolution
		HideSolutionNode = FALSE
	EndGlobalSection
	GlobalSection(ExtensibilityGlobals) = postSolution
		SolutionGuid = {D12507C4-EDB4-4650-881C-E3A3FB17E9D1}
	EndGlobalSection
EndGlobal
